
Microsoft Visual Studio Solution File, Format Version 12.00
# Visual Studio 14
VisualStudioVersion = 14.0.23107.0
MinimumVisualStudioVersion = 10.0.40219.1
Project("{FAE04EC0-301F-11D3-BF4B-00C04F79EFBC}") = "GonnaWanna", "GonnaWanna\GonnaWanna.csproj", "{3A1ED06D-AA5C-4EAC-801A-3CC7969264E5}"
EndProject
Project("{FAE04EC0-301F-11D3-BF4B-00C04F79EFBC}") = "GonnaWanna.Tests", "GonnaWanna.Tests\GonnaWanna.Tests.csproj", "{43A47876-DA95-4875-B5F5-AB9AE7A4545E}"
EndProject
Global
	GlobalSection(SolutionConfigurationPlatforms) = preSolution
		Debug|Any CPU = Debug|Any CPU
		Release|Any CPU = Release|Any CPU
	EndGlobalSection
	GlobalSection(ProjectConfigurationPlatforms) = postSolution
		{3A1ED06D-AA5C-4EAC-801A-3CC7969264E5}.Debug|Any CPU.ActiveCfg = Debug|Any CPU
		{3A1ED06D-AA5C-4EAC-801A-3CC7969264E5}.Debug|Any CPU.Build.0 = Debug|Any CPU
		{3A1ED06D-AA5C-4EAC-801A-3CC7969264E5}.Release|Any CPU.ActiveCfg = Release|Any CPU
		{3A1ED06D-AA5C-4EAC-801A-3CC7969264E5}.Release|Any CPU.Build.0 = Release|Any CPU
		{43A47876-DA95-4875-B5F5-AB9AE7A4545E}.Debug|Any CPU.ActiveCfg = Debug|Any CPU
		{43A47876-DA95-4875-B5F5-AB9AE7A4545E}.Debug|Any CPU.Build.0 = Debug|Any CPU
		{43A47876-DA95-4875-B5F5-AB9AE7A4545E}.Release|Any CPU.ActiveCfg = Release|Any CPU
		{43A47876-DA95-4875-B5F5-AB9AE7A4545E}.Release|Any CPU.Build.0 = Release|Any CPU
	EndGlobalSection
	GlobalSection(SolutionProperties) = preSolution
		HideSolutionNode = FALSE
	EndGlobalSection
EndGlobal
